
Microsoft Visual Studio Solution File, Format Version 12.00
# Visual Studio 15
VisualStudioVersion = 15.0.28307.106
MinimumVisualStudioVersion = 10.0.40219.1
Project("{FAE04EC0-301F-11D3-BF4B-00C04F79EFBC}") = "Observer", "Observer\Observer.csproj", "{9DF64468-5A1F-44FA-BF59-886B76013C5A}"
EndProject
Global
	GlobalSection(SolutionConfigurationPlatforms) = preSolution
		Debug|Any CPU = Debug|Any CPU
		Release|Any CPU = Release|Any CPU
	EndGlobalSection
	GlobalSection(ProjectConfigurationPlatforms) = postSolution
		{9DF64468-5A1F-44FA-BF59-886B76013C5A}.Debug|Any CPU.ActiveCfg = Debug|Any CPU
		{9DF64468-5A1F-44FA-BF59-886B76013C5A}.Debug|Any CPU.Build.0 = Debug|Any CPU
		{9DF64468-5A1F-44FA-BF59-886B76013C5A}.Release|Any CPU.ActiveCfg = Release|Any CPU
		{9DF64468-5A1F-44FA-BF59-886B76013C5A}.Release|Any CPU.Build.0 = Release|Any CPU
	EndGlobalSection
	GlobalSection(SolutionProperties) = preSolution
		HideSolutionNode = FALSE
	EndGlobalSection
	GlobalSection(ExtensibilityGlobals) = postSolution
		SolutionGuid = {4311B1D1-AB14-4B0E-8CD6-C7611D6FCA2C}
	EndGlobalSection
EndGlobal
