
Microsoft Visual Studio Solution File, Format Version 12.00
# Visual Studio 15
VisualStudioVersion = 15.0.28307.106
MinimumVisualStudioVersion = 10.0.40219.1
Project("{FAE04EC0-301F-11D3-BF4B-00C04F79EFBC}") = "Proxy", "Proxy\Proxy.csproj", "{29557C34-DF29-4066-9D06-A99C8E1E926D}"
EndProject
Global
	GlobalSection(SolutionConfigurationPlatforms) = preSolution
		Debug|Any CPU = Debug|Any CPU
		Release|Any CPU = Release|Any CPU
	EndGlobalSection
	GlobalSection(ProjectConfigurationPlatforms) = postSolution
		{29557C34-DF29-4066-9D06-A99C8E1E926D}.Debug|Any CPU.ActiveCfg = Debug|Any CPU
		{29557C34-DF29-4066-9D06-A99C8E1E926D}.Debug|Any CPU.Build.0 = Debug|Any CPU
		{29557C34-DF29-4066-9D06-A99C8E1E926D}.Release|Any CPU.ActiveCfg = Release|Any CPU
		{29557C34-DF29-4066-9D06-A99C8E1E926D}.Release|Any CPU.Build.0 = Release|Any CPU
	EndGlobalSection
	GlobalSection(SolutionProperties) = preSolution
		HideSolutionNode = FALSE
	EndGlobalSection
	GlobalSection(ExtensibilityGlobals) = postSolution
		SolutionGuid = {D59F36F7-5CF1-4B65-BBCF-81DF43404B14}
	EndGlobalSection
EndGlobal
